// !$*UTF8*$!
{
	archiveVersion = 1;
	classes = {
	};
	objectVersion = 77;
	objects = {

/* Begin PBXBuildFile section */
		BB0000000000000000000002 /* AufmassAppApp.swift in Sources */ = {isa = PBXBuildFile; fileRef = AA0000000000000000000002 /* AufmassAppApp.swift */; };
		BB0000000000000000000003 /* ContentView.swift in Sources */ = {isa = PBXBuildFile; fileRef = AA0000000000000000000003 /* ContentView.swift */; };
		BB0000000000000000000004 /* Item.swift in Sources */ = {isa = PBXBuildFile; fileRef = AA0000000000000000000004 /* Item.swift */; };
		BB0000000000000000000005 /* Assets.xcassets in Resources */ = {isa = PBXBuildFile; fileRef = AA0000000000000000000005 /* Assets.xcassets */; };
		BB0000000000000000000006 /* Room.swift in Sources */ = {isa = PBXBuildFile; fileRef = AA0000000000000000000006 /* Room.swift */; };
		BB0000000000000000000007 /* ServiceItem.swift in Sources */ = {isa = PBXBuildFile; fileRef = AA0000000000000000000007 /* ServiceItem.swift */; };
		BB0000000000000000000008 /* QuoteItem.swift in Sources */ = {isa = PBXBuildFile; fileRef = AA0000000000000000000008 /* QuoteItem.swift */; };
		BB0000000000000000000009 /* Quote.swift in Sources */ = {isa = PBXBuildFile; fileRef = AA0000000000000000000009 /* Quote.swift */; };
		BB000000000000000000000A /* CompanyInfo.swift in Sources */ = {isa = PBXBuildFile; fileRef = AA000000000000000000000A /* CompanyInfo.swift */; };
		BB000000000000000000000B /* RoomCalculator.swift in Sources */ = {isa = PBXBuildFile; fileRef = AA000000000000000000000B /* RoomCalculator.swift */; };
		BB000000000000000000000C /* PDFGenerator.swift in Sources */ = {isa = PBXBuildFile; fileRef = AA000000000000000000000C /* PDFGenerator.swift */; };
		BB000000000000000000000D /* ScanView.swift in Sources */ = {isa = PBXBuildFile; fileRef = AA000000000000000000000D /* ScanView.swift */; };
		BB000000000000000000000E /* ScanResultView.swift in Sources */ = {isa = PBXBuildFile; fileRef = AA000000000000000000000E /* ScanResultView.swift */; };
		BB000000000000000000000F /* QuoteView.swift in Sources */ = {isa = PBXBuildFile; fileRef = AA000000000000000000000F /* QuoteView.swift */; };
		BB0000000000000000000010 /* PDFPreviewView.swift in Sources */ = {isa = PBXBuildFile; fileRef = AA0000000000000000000010 /* PDFPreviewView.swift */; };
		BB0000000000000000000011 /* SettingsView.swift in Sources */ = {isa = PBXBuildFile; fileRef = AA0000000000000000000011 /* SettingsView.swift */; };
		BB0000000000000000000012 /* DefaultPrices.json in Resources */ = {isa = PBXBuildFile; fileRef = AA0000000000000000000012 /* DefaultPrices.json */; };
/* End PBXBuildFile section */

/* Begin PBXFileReference section */
		81D030092FD88818002092B9 /* AufmassApp.app */ = {isa = PBXFileReference; explicitFileType = wrapper.application; includeInIndex = 0; path = AufmassApp.app; sourceTree = BUILT_PRODUCTS_DIR; };
		AA0000000000000000000002 /* AufmassAppApp.swift */ = {isa = PBXFileReference; lastKnownFileType = sourcecode.swift; path = AufmassAppApp.swift; sourceTree = "<group>"; };
		AA0000000000000000000003 /* ContentView.swift */ = {isa = PBXFileReference; lastKnownFileType = sourcecode.swift; path = ContentView.swift; sourceTree = "<group>"; };
		AA0000000000000000000004 /* Item.swift */ = {isa = PBXFileReference; lastKnownFileType = sourcecode.swift; path = Item.swift; sourceTree = "<group>"; };
		AA0000000000000000000005 /* Assets.xcassets */ = {isa = PBXFileReference; lastKnownFileType = folder.assetcatalog; path = Assets.xcassets; sourceTree = "<group>"; };
		AA0000000000000000000006 /* Room.swift */ = {isa = PBXFileReference; lastKnownFileType = sourcecode.swift; path = Room.swift; sourceTree = "<group>"; };
		AA0000000000000000000007 /* ServiceItem.swift */ = {isa = PBXFileReference; lastKnownFileType = sourcecode.swift; path = ServiceItem.swift; sourceTree = "<group>"; };
		AA0000000000000000000008 /* QuoteItem.swift */ = {isa = PBXFileReference; lastKnownFileType = sourcecode.swift; path = QuoteItem.swift; sourceTree = "<group>"; };
		AA0000000000000000000009 /* Quote.swift */ = {isa = PBXFileReference; lastKnownFileType = sourcecode.swift; path = Quote.swift; sourceTree = "<group>"; };
		AA000000000000000000000A /* CompanyInfo.swift */ = {isa = PBXFileReference; lastKnownFileType = sourcecode.swift; path = CompanyInfo.swift; sourceTree = "<group>"; };
		AA000000000000000000000B /* RoomCalculator.swift */ = {isa = PBXFileReference; lastKnownFileType = sourcecode.swift; path = RoomCalculator.swift; sourceTree = "<group>"; };
		AA000000000000000000000C /* PDFGenerator.swift */ = {isa = PBXFileReference; lastKnownFileType = sourcecode.swift; path = PDFGenerator.swift; sourceTree = "<group>"; };
		AA000000000000000000000D /* ScanView.swift */ = {isa = PBXFileReference; lastKnownFileType = sourcecode.swift; path = ScanView.swift; sourceTree = "<group>"; };
		AA000000000000000000000E /* ScanResultView.swift */ = {isa = PBXFileReference; lastKnownFileType = sourcecode.swift; path = ScanResultView.swift; sourceTree = "<group>"; };
		AA000000000000000000000F /* QuoteView.swift */ = {isa = PBXFileReference; lastKnownFileType = sourcecode.swift; path = QuoteView.swift; sourceTree = "<group>"; };
		AA0000000000000000000010 /* PDFPreviewView.swift */ = {isa = PBXFileReference; lastKnownFileType = sourcecode.swift; path = PDFPreviewView.swift; sourceTree = "<group>"; };
		AA0000000000000000000011 /* SettingsView.swift */ = {isa = PBXFileReference; lastKnownFileType = sourcecode.swift; path = SettingsView.swift; sourceTree = "<group>"; };
		AA0000000000000000000012 /* DefaultPrices.json */ = {isa = PBXFileReference; lastKnownFileType = text.json; path = DefaultPrices.json; sourceTree = "<group>"; };
/* End PBXFileReference section */

/* Begin PBXFrameworksBuildPhase section */
		81D030062FD88818002092B9 /* Frameworks */ = {
			isa = PBXFrameworksBuildPhase;
			buildActionMask = 2147483647;
			files = (
			);
			runOnlyForDeploymentPostprocessing = 0;
		};
/* End PBXFrameworksBuildPhase section */

/* Begin PBXGroup section */
		81D030002FD88818002092B9 = {
			isa = PBXGroup;
			children = (
				CC0000000000000000000001 /* AufmassApp */,
				81D0300A2FD88818002092B9 /* Products */,
			);
			sourceTree = "<group>";
		};
		81D0300A2FD88818002092B9 /* Products */ = {
			isa = PBXGroup;
			children = (
				81D030092FD88818002092B9 /* AufmassApp.app */,
			);
			name = Products;
			sourceTree = "<group>";
		};
		CC0000000000000000000001 /* AufmassApp */ = {
			isa = PBXGroup;
			children = (
				AA0000000000000000000002 /* AufmassAppApp.swift */,
				AA0000000000000000000003 /* ContentView.swift */,
				AA0000000000000000000004 /* Item.swift */,
				AA0000000000000000000005 /* Assets.xcassets */,
				CC0000000000000000000002 /* Models */,
				CC0000000000000000000003 /* Services */,
				CC0000000000000000000004 /* Screens */,
				CC0000000000000000000009 /* Resources */,
			);
			path = AufmassApp;
			sourceTree = "<group>";
		};
		CC0000000000000000000002 /* Models */ = {
			isa = PBXGroup;
			children = (
				AA0000000000000000000006 /* Room.swift */,
				AA0000000000000000000007 /* ServiceItem.swift */,
				AA0000000000000000000008 /* QuoteItem.swift */,
				AA0000000000000000000009 /* Quote.swift */,
				AA000000000000000000000A /* CompanyInfo.swift */,
			);
			path = Models;
			sourceTree = "<group>";
		};
		CC0000000000000000000003 /* Services */ = {
			isa = PBXGroup;
			children = (
				AA000000000000000000000B /* RoomCalculator.swift */,
				AA000000000000000000000C /* PDFGenerator.swift */,
			);
			path = Services;
			sourceTree = "<group>";
		};
		CC0000000000000000000004 /* Screens */ = {
			isa = PBXGroup;
			children = (
				CC0000000000000000000005 /* Scan */,
				CC0000000000000000000006 /* Quote */,
				CC0000000000000000000007 /* PDF */,
				CC0000000000000000000008 /* Settings */,
			);
			path = Screens;
			sourceTree = "<group>";
		};
		CC0000000000000000000005 /* Scan */ = {
			isa = PBXGroup;
			children = (
				AA000000000000000000000D /* ScanView.swift */,
				AA000000000000000000000E /* ScanResultView.swift */,
			);
			path = Scan;
			sourceTree = "<group>";
		};
		CC0000000000000000000006 /* Quote */ = {
			isa = PBXGroup;
			children = (
				AA000000000000000000000F /* QuoteView.swift */,
			);
			path = Quote;
			sourceTree = "<group>";
		};
		CC0000000000000000000007 /* PDF */ = {
			isa = PBXGroup;
			children = (
				AA0000000000000000000010 /* PDFPreviewView.swift */,
			);
			path = PDF;
			sourceTree = "<group>";
		};
		CC0000000000000000000008 /* Settings */ = {
			isa = PBXGroup;
			children = (
				AA0000000000000000000011 /* SettingsView.swift */,
			);
			path = Settings;
			sourceTree = "<group>";
		};
		CC0000000000000000000009 /* Resources */ = {
			isa = PBXGroup;
			children = (
				AA0000000000000000000012 /* DefaultPrices.json */,
			);
			path = Resources;
			sourceTree = "<group>";
		};
/* End PBXGroup section */

/* Begin PBXNativeTarget section */
		81D030082FD88818002092B9 /* AufmassApp */ = {
			isa = PBXNativeTarget;
			buildConfigurationList = 81D030162FD88819002092B9 /* Build configuration list for PBXNativeTarget "AufmassApp" */;
			buildPhases = (
				81D030052FD88818002092B9 /* Sources */,
				81D030062FD88818002092B9 /* Frameworks */,
				81D030072FD88818002092B9 /* Resources */,
			);
			buildRules = (
			);
			dependencies = (
			);
			name = AufmassApp;
			packageProductDependencies = (
			);
			productName = AufmassApp;
			productReference = 81D030092FD88818002092B9 /* AufmassApp.app */;
			productType = "com.apple.product-type.application";
		};
/* End PBXNativeTarget section */

/* Begin PBXProject section */
		81D030012FD88818002092B9 /* Project object */ = {
			isa = PBXProject;
			attributes = {
				BuildIndependentTargetsInParallel = 1;
				LastSwiftUpdateCheck = 2650;
				LastUpgradeCheck = 2650;
				TargetAttributes = {
					81D030082FD88818002092B9 = {
						CreatedOnToolsVersion = 26.5;
					};
				};
			};
			buildConfigurationList = 81D030042FD88818002092B9 /* Build configuration list for PBXProject "AufmassApp" */;
			developmentRegion = en;
			hasScannedForEncodings = 0;
			knownRegions = (
				en,
				Base,
			);
			mainGroup = 81D030002FD88818002092B9;
			preferredProjectObjectVersion = 77;
			productRefGroup = 81D0300A2FD88818002092B9 /* Products */;
			projectDirPath = "";
			projectRoot = "";
			targets = (
				81D030082FD88818002092B9 /* AufmassApp */,
			);
		};
/* End PBXProject section */

/* Begin PBXResourcesBuildPhase section */
		81D030072FD88818002092B9 /* Resources */ = {
			isa = PBXResourcesBuildPhase;
			buildActionMask = 2147483647;
			files = (
				BB0000000000000000000005 /* Assets.xcassets in Resources */,
				BB0000000000000000000012 /* DefaultPrices.json in Resources */,
			);
			runOnlyForDeploymentPostprocessing = 0;
		};
/* End PBXResourcesBuildPhase section */

/* Begin PBXSourcesBuildPhase section */
		81D030052FD88818002092B9 /* Sources */ = {
			isa = PBXSourcesBuildPhase;
			buildActionMask = 2147483647;
			files = (
				BB0000000000000000000002 /* AufmassAppApp.swift in Sources */,
				BB0000000000000000000003 /* ContentView.swift in Sources */,
				BB0000000000000000000004 /* Item.swift in Sources */,
				BB0000000000000000000006 /* Room.swift in Sources */,
				BB0000000000000000000007 /* ServiceItem.swift in Sources */,
				BB0000000000000000000008 /* QuoteItem.swift in Sources */,
				BB0000000000000000000009 /* Quote.swift in Sources */,
				BB000000000000000000000A /* CompanyInfo.swift in Sources */,
				BB000000000000000000000B /* RoomCalculator.swift in Sources */,
				BB000000000000000000000C /* PDFGenerator.swift in Sources */,
				BB000000000000000000000D /* ScanView.swift in Sources */,
				BB000000000000000000000E /* ScanResultView.swift in Sources */,
				BB000000000000000000000F /* QuoteView.swift in Sources */,
				BB0000000000000000000010 /* PDFPreviewView.swift in Sources */,
				BB0000000000000000000011 /* SettingsView.swift in Sources */,
			);
			runOnlyForDeploymentPostprocessing = 0;
		};
/* End PBXSourcesBuildPhase section */

/* Begin XCBuildConfiguration section */
		81D030142FD88819002092B9 /* Debug */ = {
			isa = XCBuildConfiguration;
			buildSettings = {
				ALWAYS_SEARCH_USER_PATHS = NO;
				ASSETCATALOG_COMPILER_GENERATE_SWIFT_ASSET_SYMBOL_EXTENSIONS = YES;
				CLANG_ANALYZER_NONNULL = YES;
				CLANG_ANALYZER_NUMBER_OBJECT_CONVERSION = YES_AGGRESSIVE;
				CLANG_CXX_LANGUAGE_STANDARD = "gnu++20";
				CLANG_ENABLE_MODULES = YES;
				CLANG_ENABLE_OBJC_ARC = YES;
				CLANG_ENABLE_OBJC_WEAK = YES;
				CLANG_WARN_BLOCK_CAPTURE_AUTORELEASING = YES;
				CLANG_WARN_BOOL_CONVERSION = YES;
				CLANG_WARN_COMMA = YES;
				CLANG_WARN_CONSTANT_CONVERSION = YES;
				CLANG_WARN_DEPRECATED_OBJC_IMPLEMENTATIONS = YES;
				CLANG_WARN_DIRECT_OBJC_ISA_USAGE = YES_ERROR;
				CLANG_WARN_DOCUMENTATION_COMMENTS = YES;
				CLANG_WARN_EMPTY_BODY = YES;
				CLANG_WARN_ENUM_CONVERSION = YES;
				CLANG_WARN_INFINITE_RECURSION = YES;
				CLANG_WARN_INT_CONVERSION = YES;
				CLANG_WARN_NON_LITERAL_NULL_CONVERSION = YES;
				CLANG_WARN_OBJC_IMPLICIT_RETAIN_SELF = YES;
				CLANG_WARN_OBJC_LITERAL_CONVERSION = YES;
				CLANG_WARN_OBJC_ROOT_CLASS = YES_ERROR;
				CLANG_WARN_QUOTED_INCLUDE_IN_FRAMEWORK_HEADER = YES;
				CLANG_WARN_RANGE_LOOP_ANALYSIS = YES;
				CLANG_WARN_STRICT_PROTOTYPES = YES;
				CLANG_WARN_SUSPICIOUS_MOVE = YES;
				CLANG_WARN_UNGUARDED_AVAILABILITY = YES_AGGRESSIVE;
				CLANG_WARN_UNREACHABLE_CODE = YES;
				CLANG_WARN__DUPLICATE_METHOD_MATCH = YES;
				COPY_PHASE_STRIP = NO;
				DEBUG_INFORMATION_FORMAT = dwarf;
				ENABLE_STRICT_OBJC_MSGSEND = YES;
				ENABLE_TESTABILITY = YES;
				ENABLE_USER_SCRIPT_SANDBOXING = YES;
				GCC_C_LANGUAGE_STANDARD = gnu17;
				GCC_DYNAMIC_NO_PIC = NO;
				GCC_NO_COMMON_BLOCKS = YES;
				GCC_OPTIMIZATION_LEVEL = 0;
				GCC_PREPROCESSOR_DEFINITIONS = (
					"DEBUG=1",
					"$(inherited)",
				);
				GCC_WARN_64_TO_32_BIT_CONVERSION = YES;
				GCC_WARN_ABOUT_RETURN_TYPE = YES_ERROR;
				GCC_WARN_UNDECLARED_SELECTOR = YES;
				GCC_WARN_UNINITIALIZED_AUTOS = YES_AGGRESSIVE;
				GCC_WARN_UNUSED_FUNCTION = YES;
				GCC_WARN_UNUSED_VARIABLE = YES;
				IPHONEOS_DEPLOYMENT_TARGET = 17.0;
				LOCALIZATION_PREFERS_STRING_CATALOGS = YES;
				MTL_ENABLE_DEBUG_INFO = INCLUDE_SOURCE;
				MTL_FAST_MATH = YES;
				ONLY_ACTIVE_ARCH = YES;
				SDKROOT = iphoneos;
				SWIFT_ACTIVE_COMPILATION_CONDITIONS = "DEBUG $(inherited)";
				SWIFT_OPTIMIZATION_LEVEL = "-Onone";
			};
			name = Debug;
		};
		81D030152FD88819002092B9 /* Release */ = {
			isa = XCBuildConfiguration;
			buildSettings = {
				ALWAYS_SEARCH_USER_PATHS = NO;
				ASSETCATALOG_COMPILER_GENERATE_SWIFT_ASSET_SYMBOL_EXTENSIONS = YES;
				CLANG_ANALYZER_NONNULL = YES;
				CLANG_ANALYZER_NUMBER_OBJECT_CONVERSION = YES_AGGRESSIVE;
				CLANG_CXX_LANGUAGE_STANDARD = "gnu++20";
				CLANG_ENABLE_MODULES = YES;
				CLANG_ENABLE_OBJC_ARC = YES;
				CLANG_ENABLE_OBJC_WEAK = YES;
				CLANG_WARN_BLOCK_CAPTURE_AUTORELEASING = YES;
				CLANG_WARN_BOOL_CONVERSION = YES;
				CLANG_WARN_COMMA = YES;
				CLANG_WARN_CONSTANT_CONVERSION = YES;
				CLANG_WARN_DEPRECATED_OBJC_IMPLEMENTATIONS = YES;
				CLANG_WARN_DIRECT_OBJC_ISA_USAGE = YES_ERROR;
				CLANG_WARN_DOCUMENTATION_COMMENTS = YES;
				CLANG_WARN_EMPTY_BODY = YES;
				CLANG_WARN_ENUM_CONVERSION = YES;
				CLANG_WARN_INFINITE_RECURSION = YES;
				CLANG_WARN_INT_CONVERSION = YES;
				CLANG_WARN_NON_LITERAL_NULL_CONVERSION = YES;
				CLANG_WARN_OBJC_IMPLICIT_RETAIN_SELF = YES;
				CLANG_WARN_OBJC_LITERAL_CONVERSION = YES;
				CLANG_WARN_OBJC_ROOT_CLASS = YES_ERROR;
				CLANG_WARN_QUOTED_INCLUDE_IN_FRAMEWORK_HEADER = YES;
				CLANG_WARN_RANGE_LOOP_ANALYSIS = YES;
				CLANG_WARN_STRICT_PROTOTYPES = YES;
				CLANG_WARN_SUSPICIOUS_MOVE = YES;
				CLANG_WARN_UNGUARDED_AVAILABILITY = YES_AGGRESSIVE;
				CLANG_WARN_UNREACHABLE_CODE = YES;
				CLANG_WARN__DUPLICATE_METHOD_MATCH = YES;
				COPY_PHASE_STRIP = NO;
				DEBUG_INFORMATION_FORMAT = "dwarf-with-dsym";
				ENABLE_NS_ASSERTIONS = NO;
				ENABLE_STRICT_OBJC_MSGSEND = YES;
				ENABLE_USER_SCRIPT_SANDBOXING = YES;
				GCC_C_LANGUAGE_STANDARD = gnu17;
				GCC_NO_COMMON_BLOCKS = YES;
				GCC_WARN_64_TO_32_BIT_CONVERSION = YES;
				GCC_WARN_ABOUT_RETURN_TYPE = YES_ERROR;
				GCC_WARN_UNDECLARED_SELECTOR = YES;
				GCC_WARN_UNINITIALIZED_AUTOS = YES_AGGRESSIVE;
				GCC_WARN_UNUSED_FUNCTION = YES;
				GCC_WARN_UNUSED_VARIABLE = YES;
				IPHONEOS_DEPLOYMENT_TARGET = 17.0;
				LOCALIZATION_PREFERS_STRING_CATALOGS = YES;
				MTL_ENABLE_DEBUG_INFO = NO;
				MTL_FAST_MATH = YES;
				SDKROOT = iphoneos;
				SWIFT_COMPILATION_MODE = wholemodule;
				VALIDATE_PRODUCT = YES;
			};
			name = Release;
		};
		81D030172FD88819002092B9 /* Debug */ = {
			isa = XCBuildConfiguration;
			buildSettings = {
				ASSETCATALOG_COMPILER_APPICON_NAME = AppIcon;
				ASSETCATALOG_COMPILER_GLOBAL_ACCENT_COLOR_NAME = AccentColor;
				CODE_SIGN_STYLE = Automatic;
				CURRENT_PROJECT_VERSION = 1;
				DEVELOPMENT_TEAM = N67854L36S;
				ENABLE_PREVIEWS = YES;
				GENERATE_INFOPLIST_FILE = YES;
				INFOPLIST_KEY_NSCameraUsageDescription = "Die App benötigt Kamerazugriff für den LiDAR-Raumscan.";
				INFOPLIST_KEY_UIApplicationSceneManifest_Generation = YES;
				INFOPLIST_KEY_UIApplicationSupportsIndirectInputEvents = YES;
				INFOPLIST_KEY_UILaunchScreen_Generation = YES;
				INFOPLIST_KEY_UISupportedInterfaceOrientations_iPad = "UIInterfaceOrientationPortrait UIInterfaceOrientationPortraitUpsideDown UIInterfaceOrientationLandscapeLeft UIInterfaceOrientationLandscapeRight";
				INFOPLIST_KEY_UISupportedInterfaceOrientations_iPhone = "UIInterfaceOrientationPortrait UIInterfaceOrientationLandscapeLeft UIInterfaceOrientationLandscapeRight";
				IPHONEOS_DEPLOYMENT_TARGET = 17.0;
				LD_RUNPATH_SEARCH_PATHS = (
					"$(inherited)",
					"@executable_path/Frameworks",
				);
				MARKETING_VERSION = 1.0;
				PRODUCT_BUNDLE_IDENTIFIER = de.mathiskuhlenkamp.AufmassApp;
				PRODUCT_NAME = "$(TARGET_NAME)";
				STRING_CATALOG_GENERATE_SYMBOLS = YES;
				SWIFT_APPROACHABLE_CONCURRENCY = YES;
				SWIFT_DEFAULT_ACTOR_ISOLATION = MainActor;
				SWIFT_EMIT_LOC_STRINGS = YES;
				SWIFT_UPCOMING_FEATURE_MEMBER_IMPORT_VISIBILITY = YES;
				SWIFT_VERSION = 5.0;
				TARGETED_DEVICE_FAMILY = "1,2";
			};
			name = Debug;
		};
		81D030182FD88819002092B9 /* Release */ = {
			isa = XCBuildConfiguration;
			buildSettings = {
				ASSETCATALOG_COMPILER_APPICON_NAME = AppIcon;
				ASSETCATALOG_COMPILER_GLOBAL_ACCENT_COLOR_NAME = AccentColor;
				CODE_SIGN_STYLE = Automatic;
				CURRENT_PROJECT_VERSION = 1;
				DEVELOPMENT_TEAM = N67854L36S;
				ENABLE_PREVIEWS = YES;
				GENERATE_INFOPLIST_FILE = YES;
				INFOPLIST_KEY_NSCameraUsageDescription = "Die App benötigt Kamerazugriff für den LiDAR-Raumscan.";
				INFOPLIST_KEY_UIApplicationSceneManifest_Generation = YES;
				INFOPLIST_KEY_UIApplicationSupportsIndirectInputEvents = YES;
				INFOPLIST_KEY_UILaunchScreen_Generation = YES;
				INFOPLIST_KEY_UISupportedInterfaceOrientations_iPad = "UIInterfaceOrientationPortrait UIInterfaceOrientationPortraitUpsideDown UIInterfaceOrientationLandscapeLeft UIInterfaceOrientationLandscapeRight";
				INFOPLIST_KEY_UISupportedInterfaceOrientations_iPhone = "UIInterfaceOrientationPortrait UIInterfaceOrientationLandscapeLeft UIInterfaceOrientationLandscapeRight";
				IPHONEOS_DEPLOYMENT_TARGET = 17.0;
				LD_RUNPATH_SEARCH_PATHS = (
					"$(inherited)",
					"@executable_path/Frameworks",
				);
				MARKETING_VERSION = 1.0;
				PRODUCT_BUNDLE_IDENTIFIER = de.mathiskuhlenkamp.AufmassApp;
				PRODUCT_NAME = "$(TARGET_NAME)";
				STRING_CATALOG_GENERATE_SYMBOLS = YES;
				SWIFT_APPROACHABLE_CONCURRENCY = YES;
				SWIFT_DEFAULT_ACTOR_ISOLATION = MainActor;
				SWIFT_EMIT_LOC_STRINGS = YES;
				SWIFT_UPCOMING_FEATURE_MEMBER_IMPORT_VISIBILITY = YES;
				SWIFT_VERSION = 5.0;
				TARGETED_DEVICE_FAMILY = "1,2";
			};
			name = Release;
		};
/* End XCBuildConfiguration section */

/* Begin XCConfigurationList section */
		81D030042FD88818002092B9 /* Build configuration list for PBXProject "AufmassApp" */ = {
			isa = XCConfigurationList;
			buildConfigurations = (
				81D030142FD88819002092B9 /* Debug */,
				81D030152FD88819002092B9 /* Release */,
			);
			defaultConfigurationIsVisible = 0;
			defaultConfigurationName = Release;
		};
		81D030162FD88819002092B9 /* Build configuration list for PBXNativeTarget "AufmassApp" */ = {
			isa = XCConfigurationList;
			buildConfigurations = (
				81D030172FD88819002092B9 /* Debug */,
				81D030182FD88819002092B9 /* Release */,
			);
			defaultConfigurationIsVisible = 0;
			defaultConfigurationName = Release;
		};
/* End XCConfigurationList section */
	};
	rootObject = 81D030012FD88818002092B9 /* Project object */;
}
